
Microsoft Visual Studio Solution File, Format Version 12.00
# Visual Studio 15
Project("{FAE04EC0-301F-11D3-BF4B-00C04F79EFBC}") = "DrEmit", "DrEmit.csproj", "{135D6A90-AE48-3EFB-AAA5-2F4B1546F945}"
EndProject
Project("{FAE04EC0-301F-11D3-BF4B-00C04F79EFBC}") = "DrEmit.Plugins", "DrEmit.Plugins.csproj", "{B7F44FBB-940E-8F5E-9719-892E1F9D166C}"
EndProject
Project("{FAE04EC0-301F-11D3-BF4B-00C04F79EFBC}") = "DrEmit.Editor.Plugins", "DrEmit.Editor.Plugins.csproj", "{A0CAA8E7-A723-BF6B-80E0-FF837658BD75}"
EndProject
Global
	GlobalSection(SolutionConfigurationPlatforms) = preSolution
		Debug|Any CPU = Debug|Any CPU
		Release|Any CPU = Release|Any CPU
	EndGlobalSection
	GlobalSection(ProjectConfigurationPlatforms) = postSolution
		{135D6A90-AE48-3EFB-AAA5-2F4B1546F945}.Debug|Any CPU.ActiveCfg = Debug|Any CPU
		{135D6A90-AE48-3EFB-AAA5-2F4B1546F945}.Debug|Any CPU.Build.0 = Debug|Any CPU
		{135D6A90-AE48-3EFB-AAA5-2F4B1546F945}.Release|Any CPU.ActiveCfg = Release|Any CPU
		{135D6A90-AE48-3EFB-AAA5-2F4B1546F945}.Release|Any CPU.Build.0 = Release|Any CPU
		{B7F44FBB-940E-8F5E-9719-892E1F9D166C}.Debug|Any CPU.ActiveCfg = Debug|Any CPU
		{B7F44FBB-940E-8F5E-9719-892E1F9D166C}.Debug|Any CPU.Build.0 = Debug|Any CPU
		{B7F44FBB-940E-8F5E-9719-892E1F9D166C}.Release|Any CPU.ActiveCfg = Release|Any CPU
		{B7F44FBB-940E-8F5E-9719-892E1F9D166C}.Release|Any CPU.Build.0 = Release|Any CPU
		{A0CAA8E7-A723-BF6B-80E0-FF837658BD75}.Debug|Any CPU.ActiveCfg = Debug|Any CPU
		{A0CAA8E7-A723-BF6B-80E0-FF837658BD75}.Debug|Any CPU.Build.0 = Debug|Any CPU
		{A0CAA8E7-A723-BF6B-80E0-FF837658BD75}.Release|Any CPU.ActiveCfg = Release|Any CPU
		{A0CAA8E7-A723-BF6B-80E0-FF837658BD75}.Release|Any CPU.Build.0 = Release|Any CPU
	EndGlobalSection
	GlobalSection(SolutionProperties) = preSolution
		HideSolutionNode = FALSE
	EndGlobalSection
EndGlobal
